
Microsoft Visual Studio Solution File, Format Version 12.00
# Visual Studio Version 17
VisualStudioVersion = 17.9.34728.123
MinimumVisualStudioVersion = 10.0.40219.1
Project("{9A19103F-16F7-4668-BE54-9A1E7A4F7556}") = "MIPC_Web", "MIPC_Web\MIPC_Web.csproj", "{17A0A759-D00E-4774-8473-33CA0F1702ED}"
EndProject
Global
	GlobalSection(SolutionConfigurationPlatforms) = preSolution
		Debug|Any CPU = Debug|Any CPU
		Release|Any CPU = Release|Any CPU
	EndGlobalSection
	GlobalSection(ProjectConfigurationPlatforms) = postSolution
		{17A0A759-D00E-4774-8473-33CA0F1702ED}.Debug|Any CPU.ActiveCfg = Debug|Any CPU
		{17A0A759-D00E-4774-8473-33CA0F1702ED}.Debug|Any CPU.Build.0 = Debug|Any CPU
		{17A0A759-D00E-4774-8473-33CA0F1702ED}.Release|Any CPU.ActiveCfg = Release|Any CPU
		{17A0A759-D00E-4774-8473-33CA0F1702ED}.Release|Any CPU.Build.0 = Release|Any CPU
	EndGlobalSection
	GlobalSection(SolutionProperties) = preSolution
		HideSolutionNode = FALSE
	EndGlobalSection
	GlobalSection(ExtensibilityGlobals) = postSolution
		SolutionGuid = {30597A10-1A77-4BF9-A659-E9E83890AD57}
	EndGlobalSection
EndGlobal
